// !$*UTF8*$!
{
	archiveVersion = 1;
	classes = {
	};
	objectVersion = 46;
	objects = {

/* Begin PBXBuildFile section */
		80EF8EED18B03F2B00EE118F /* Foundation.framework in Frameworks */ = {isa = PBXBuildFile; fileRef = 80EF8EEC18B03F2B00EE118F /* Foundation.framework */; };
		80EF8EEF18B03F2B00EE118F /* CoreGraphics.framework in Frameworks */ = {isa = PBXBuildFile; fileRef = 80EF8EEE18B03F2B00EE118F /* CoreGraphics.framework */; };
		80EF8EF118B03F2B00EE118F /* UIKit.framework in Frameworks */ = {isa = PBXBuildFile; fileRef = 80EF8EF018B03F2B00EE118F /* UIKit.framework */; };
		80EF8EF718B03F2B00EE118F /* InfoPlist.strings in Resources */ = {isa = PBXBuildFile; fileRef = 80EF8EF518B03F2B00EE118F /* InfoPlist.strings */; };
		80EF8EF918B03F2B00EE118F /* main.m in Sources */ = {isa = PBXBuildFile; fileRef = 80EF8EF818B03F2B00EE118F /* main.m */; };
		80EF8EFD18B03F2B00EE118F /* AppDelegate.m in Sources */ = {isa = PBXBuildFile; fileRef = 80EF8EFC18B03F2B00EE118F /* AppDelegate.m */; };
		80EF8F0018B03F2B00EE118F /* Main.storyboard in Resources */ = {isa = PBXBuildFile; fileRef = 80EF8EFE18B03F2B00EE118F /* Main.storyboard */; };
		80EF8F0318B03F2B00EE118F /* ViewController.m in Sources */ = {isa = PBXBuildFile; fileRef = 80EF8F0218B03F2B00EE118F /* ViewController.m */; };
		80EF8F0518B03F2B00EE118F /* Images.xcassets in Resources */ = {isa = PBXBuildFile; fileRef = 80EF8F0418B03F2B00EE118F /* Images.xcassets */; };
		80EF8F0C18B03F2B00EE118F /* XCTest.framework in Frameworks */ = {isa = PBXBuildFile; fileRef = 80EF8F0B18B03F2B00EE118F /* XCTest.framework */; };
		80EF8F0D18B03F2B00EE118F /* Foundation.framework in Frameworks */ = {isa = PBXBuildFile; fileRef = 80EF8EEC18B03F2B00EE118F /* Foundation.framework */; };
		80EF8F0E18B03F2B00EE118F /* UIKit.framework in Frameworks */ = {isa = PBXBuildFile; fileRef = 80EF8EF018B03F2B00EE118F /* UIKit.framework */; };
		80EF8F1618B03F2B00EE118F /* InfoPlist.strings in Resources */ = {isa = PBXBuildFile; fileRef = 80EF8F1418B03F2B00EE118F /* InfoPlist.strings */; };
		80EF8F1818B03F2B00EE118F /* SingleViewApp_iOSTests.m in Sources */ = {isa = PBXBuildFile; fileRef = 80EF8F1718B03F2B00EE118F /* SingleViewApp_iOSTests.m */; };
		80EF8F2618B0480100EE118F /* SingleView.m in Sources */ = {isa = PBXBuildFile; fileRef = 80EF8F2218B0480000EE118F /* SingleView.m */; };
		80EF8F2718B0480100EE118F /* SingleView.xib in Resources */ = {isa = PBXBuildFile; fileRef = 80EF8F2318B0480000EE118F /* SingleView.xib */; };
		80EF8F2818B0480100EE118F /* UIImage+ImageEffects.m in Sources */ = {isa = PBXBuildFile; fileRef = 80EF8F2518B0480100EE118F /* UIImage+ImageEffects.m */; };
		80EF8F2A18B0494600EE118F /* Frozen-frozen-35894990-1080-1920.jpg in Resources */ = {isa = PBXBuildFile; fileRef = 80EF8F2918B0494600EE118F /* Frozen-frozen-35894990-1080-1920.jpg */; };
/* End PBXBuildFile section */

/* Begin PBXContainerItemProxy section */
		80EF8F0F18B03F2B00EE118F /* PBXContainerItemProxy */ = {
			isa = PBXContainerItemProxy;
			containerPortal = 80EF8EE118B03F2B00EE118F /* Project object */;
			proxyType = 1;
			remoteGlobalIDString = 80EF8EE818B03F2B00EE118F;
			remoteInfo = "SingleViewApp-iOS";
		};
/* End PBXContainerItemProxy section */

/* Begin PBXFileReference section */
		80EF8EE918B03F2B00EE118F /* SingleViewApp-iOS.app */ = {isa = PBXFileReference; explicitFileType = wrapper.application; includeInIndex = 0; path = "SingleViewApp-iOS.app"; sourceTree = BUILT_PRODUCTS_DIR; };
		80EF8EEC18B03F2B00EE118F /* Foundation.framework */ = {isa = PBXFileReference; lastKnownFileType = wrapper.framework; name = Foundation.framework; path = System/Library/Frameworks/Foundation.framework; sourceTree = SDKROOT; };
		80EF8EEE18B03F2B00EE118F /* CoreGraphics.framework */ = {isa = PBXFileReference; lastKnownFileType = wrapper.framework; name = CoreGraphics.framework; path = System/Library/Frameworks/CoreGraphics.framework; sourceTree = SDKROOT; };
		80EF8EF018B03F2B00EE118F /* UIKit.framework */ = {isa = PBXFileReference; lastKnownFileType = wrapper.framework; name = UIKit.framework; path = System/Library/Frameworks/UIKit.framework; sourceTree = SDKROOT; };
		80EF8EF418B03F2B00EE118F /* SingleViewApp-iOS-Info.plist */ = {isa = PBXFileReference; lastKnownFileType = text.plist.xml; path = "SingleViewApp-iOS-Info.plist"; sourceTree = "<group>"; };
		80EF8EF618B03F2B00EE118F /* en */ = {isa = PBXFileReference; lastKnownFileType = text.plist.strings; name = en; path = en.lproj/InfoPlist.strings; sourceTree = "<group>"; };
		80EF8EF818B03F2B00EE118F /* main.m */ = {isa = PBXFileReference; lastKnownFileType = sourcecode.c.objc; path = main.m; sourceTree = "<group>"; };
		80EF8EFA18B03F2B00EE118F /* SingleViewApp-iOS-Prefix.pch */ = {isa = PBXFileReference; lastKnownFileType = sourcecode.c.h; path = "SingleViewApp-iOS-Prefix.pch"; sourceTree = "<group>"; };
		80EF8EFB18B03F2B00EE118F /* AppDelegate.h */ = {isa = PBXFileReference; lastKnownFileType = sourcecode.c.h; path = AppDelegate.h; sourceTree = "<group>"; };
		80EF8EFC18B03F2B00EE118F /* AppDelegate.m */ = {isa = PBXFileReference; lastKnownFileType = sourcecode.c.objc; path = AppDelegate.m; sourceTree = "<group>"; };
		80EF8EFF18B03F2B00EE118F /* Base */ = {isa = PBXFileReference; lastKnownFileType = file.storyboard; name = Base; path = Base.lproj/Main.storyboard; sourceTree = "<group>"; };
		80EF8F0118B03F2B00EE118F /* ViewController.h */ = {isa = PBXFileReference; lastKnownFileType = sourcecode.c.h; path = ViewController.h; sourceTree = "<group>"; };
		80EF8F0218B03F2B00EE118F /* ViewController.m */ = {isa = PBXFileReference; lastKnownFileType = sourcecode.c.objc; path = ViewController.m; sourceTree = "<group>"; };
		80EF8F0418B03F2B00EE118F /* Images.xcassets */ = {isa = PBXFileReference; lastKnownFileType = folder.assetcatalog; path = Images.xcassets; sourceTree = "<group>"; };
		80EF8F0A18B03F2B00EE118F /* SingleViewApp-iOSTests.xctest */ = {isa = PBXFileReference; explicitFileType = wrapper.cfbundle; includeInIndex = 0; path = "SingleViewApp-iOSTests.xctest"; sourceTree = BUILT_PRODUCTS_DIR; };
		80EF8F0B18B03F2B00EE118F /* XCTest.framework */ = {isa = PBXFileReference; lastKnownFileType = wrapper.framework; name = XCTest.framework; path = Library/Frameworks/XCTest.framework; sourceTree = DEVELOPER_DIR; };
		80EF8F1318B03F2B00EE118F /* SingleViewApp-iOSTests-Info.plist */ = {isa = PBXFileReference; lastKnownFileType = text.plist.xml; path = "SingleViewApp-iOSTests-Info.plist"; sourceTree = "<group>"; };
		80EF8F1518B03F2B00EE118F /* en */ = {isa = PBXFileReference; lastKnownFileType = text.plist.strings; name = en; path = en.lproj/InfoPlist.strings; sourceTree = "<group>"; };
		80EF8F1718B03F2B00EE118F /* SingleViewApp_iOSTests.m */ = {isa = PBXFileReference; lastKnownFileType = sourcecode.c.objc; path = SingleViewApp_iOSTests.m; sourceTree = "<group>"; };
		80EF8F2118B0480000EE118F /* SingleView.h */ = {isa = PBXFileReference; fileEncoding = 4; lastKnownFileType = sourcecode.c.h; path = SingleView.h; sourceTree = "<group>"; };
		80EF8F2218B0480000EE118F /* SingleView.m */ = {isa = PBXFileReference; fileEncoding = 4; lastKnownFileType = sourcecode.c.objc; path = SingleView.m; sourceTree = "<group>"; };
		80EF8F2318B0480000EE118F /* SingleView.xib */ = {isa = PBXFileReference; fileEncoding = 4; lastKnownFileType = file.xib; path = SingleView.xib; sourceTree = "<group>"; };
		80EF8F2418B0480100EE118F /* UIImage+ImageEffects.h */ = {isa = PBXFileReference; fileEncoding = 4; lastKnownFileType = sourcecode.c.h; path = "UIImage+ImageEffects.h"; sourceTree = "<group>"; };
		80EF8F2518B0480100EE118F /* UIImage+ImageEffects.m */ = {isa = PBXFileReference; fileEncoding = 4; lastKnownFileType = sourcecode.c.objc; path = "UIImage+ImageEffects.m"; sourceTree = "<group>"; };
		80EF8F2918B0494600EE118F /* Frozen-frozen-35894990-1080-1920.jpg */ = {isa = PBXFileReference; lastKnownFileType = image.jpeg; path = "Frozen-frozen-35894990-1080-1920.jpg"; sourceTree = "<group>"; };
/* End PBXFileReference section */

/* Begin PBXFrameworksBuildPhase section */
		80EF8EE618B03F2B00EE118F /* Frameworks */ = {
			isa = PBXFrameworksBuildPhase;
			buildActionMask = 2147483647;
			files = (
				80EF8EEF18B03F2B00EE118F /* CoreGraphics.framework in Frameworks */,
				80EF8EF118B03F2B00EE118F /* UIKit.framework in Frameworks */,
				80EF8EED18B03F2B00EE118F /* Foundation.framework in Frameworks */,
			);
			runOnlyForDeploymentPostprocessing = 0;
		};
		80EF8F0718B03F2B00EE118F /* Frameworks */ = {
			isa = PBXFrameworksBuildPhase;
			buildActionMask = 2147483647;
			files = (
				80EF8F0C18B03F2B00EE118F /* XCTest.framework in Frameworks */,
				80EF8F0E18B03F2B00EE118F /* UIKit.framework in Frameworks */,
				80EF8F0D18B03F2B00EE118F /* Foundation.framework in Frameworks */,
			);
			runOnlyForDeploymentPostprocessing = 0;
		};
/* End PBXFrameworksBuildPhase section */

/* Begin PBXGroup section */
		80EF8EE018B03F2B00EE118F = {
			isa = PBXGroup;
			children = (
				80EF8EF218B03F2B00EE118F /* SingleViewApp-iOS */,
				80EF8F1118B03F2B00EE118F /* SingleViewApp-iOSTests */,
				80EF8EEB18B03F2B00EE118F /* Frameworks */,
				80EF8EEA18B03F2B00EE118F /* Products */,
			);
			sourceTree = "<group>";
		};
		80EF8EEA18B03F2B00EE118F /* Products */ = {
			isa = PBXGroup;
			children = (
				80EF8EE918B03F2B00EE118F /* SingleViewApp-iOS.app */,
				80EF8F0A18B03F2B00EE118F /* SingleViewApp-iOSTests.xctest */,
			);
			name = Products;
			sourceTree = "<group>";
		};
		80EF8EEB18B03F2B00EE118F /* Frameworks */ = {
			isa = PBXGroup;
			children = (
				80EF8EEC18B03F2B00EE118F /* Foundation.framework */,
				80EF8EEE18B03F2B00EE118F /* CoreGraphics.framework */,
				80EF8EF018B03F2B00EE118F /* UIKit.framework */,
				80EF8F0B18B03F2B00EE118F /* XCTest.framework */,
			);
			name = Frameworks;
			sourceTree = "<group>";
		};
		80EF8EF218B03F2B00EE118F /* SingleViewApp-iOS */ = {
			isa = PBXGroup;
			children = (
				80EF8F2918B0494600EE118F /* Frozen-frozen-35894990-1080-1920.jpg */,
				80EF8F2118B0480000EE118F /* SingleView.h */,
				80EF8F2218B0480000EE118F /* SingleView.m */,
				80EF8F2318B0480000EE118F /* SingleView.xib */,
				80EF8F2418B0480100EE118F /* UIImage+ImageEffects.h */,
				80EF8F2518B0480100EE118F /* UIImage+ImageEffects.m */,
				80EF8EFB18B03F2B00EE118F /* AppDelegate.h */,
				80EF8EFC18B03F2B00EE118F /* AppDelegate.m */,
				80EF8EFE18B03F2B00EE118F /* Main.storyboard */,
				80EF8F0118B03F2B00EE118F /* ViewController.h */,
				80EF8F0218B03F2B00EE118F /* ViewController.m */,
				80EF8F0418B03F2B00EE118F /* Images.xcassets */,
				80EF8EF318B03F2B00EE118F /* Supporting Files */,
			);
			path = "SingleViewApp-iOS";
			sourceTree = "<group>";
		};
		80EF8EF318B03F2B00EE118F /* Supporting Files */ = {
			isa = PBXGroup;
			children = (
				80EF8EF418B03F2B00EE118F /* SingleViewApp-iOS-Info.plist */,
				80EF8EF518B03F2B00EE118F /* InfoPlist.strings */,
				80EF8EF818B03F2B00EE118F /* main.m */,
				80EF8EFA18B03F2B00EE118F /* SingleViewApp-iOS-Prefix.pch */,
			);
			name = "Supporting Files";
			sourceTree = "<group>";
		};
		80EF8F1118B03F2B00EE118F /* SingleViewApp-iOSTests */ = {
			isa = PBXGroup;
			children = (
				80EF8F1718B03F2B00EE118F /* SingleViewApp_iOSTests.m */,
				80EF8F1218B03F2B00EE118F /* Supporting Files */,
			);
			path = "SingleViewApp-iOSTests";
			sourceTree = "<group>";
		};
		80EF8F1218B03F2B00EE118F /* Supporting Files */ = {
			isa = PBXGroup;
			children = (
				80EF8F1318B03F2B00EE118F /* SingleViewApp-iOSTests-Info.plist */,
				80EF8F1418B03F2B00EE118F /* InfoPlist.strings */,
			);
			name = "Supporting Files";
			sourceTree = "<group>";
		};
/* End PBXGroup section */

/* Begin PBXNativeTarget section */
		80EF8EE818B03F2B00EE118F /* SingleViewApp-iOS */ = {
			isa = PBXNativeTarget;
			buildConfigurationList = 80EF8F1B18B03F2B00EE118F /* Build configuration list for PBXNativeTarget "SingleViewApp-iOS" */;
			buildPhases = (
				80EF8EE518B03F2B00EE118F /* Sources */,
				80EF8EE618B03F2B00EE118F /* Frameworks */,
				80EF8EE718B03F2B00EE118F /* Resources */,
			);
			buildRules = (
			);
			dependencies = (
			);
			name = "SingleViewApp-iOS";
			productName = "SingleViewApp-iOS";
			productReference = 80EF8EE918B03F2B00EE118F /* SingleViewApp-iOS.app */;
			productType = "com.apple.product-type.application";
		};
		80EF8F0918B03F2B00EE118F /* SingleViewApp-iOSTests */ = {
			isa = PBXNativeTarget;
			buildConfigurationList = 80EF8F1E18B03F2B00EE118F /* Build configuration list for PBXNativeTarget "SingleViewApp-iOSTests" */;
			buildPhases = (
				80EF8F0618B03F2B00EE118F /* Sources */,
				80EF8F0718B03F2B00EE118F /* Frameworks */,
				80EF8F0818B03F2B00EE118F /* Resources */,
			);
			buildRules = (
			);
			dependencies = (
				80EF8F1018B03F2B00EE118F /* PBXTargetDependency */,
			);
			name = "SingleViewApp-iOSTests";
			productName = "SingleViewApp-iOSTests";
			productReference = 80EF8F0A18B03F2B00EE118F /* SingleViewApp-iOSTests.xctest */;
			productType = "com.apple.product-type.bundle.unit-test";
		};
/* End PBXNativeTarget section */

/* Begin PBXProject section */
		80EF8EE118B03F2B00EE118F /* Project object */ = {
			isa = PBXProject;
			attributes = {
				LastUpgradeCheck = 0500;
				ORGANIZATIONNAME = "Ravel Antunes";
				TargetAttributes = {
					80EF8F0918B03F2B00EE118F = {
						TestTargetID = 80EF8EE818B03F2B00EE118F;
					};
				};
			};
			buildConfigurationList = 80EF8EE418B03F2B00EE118F /* Build configuration list for PBXProject "SingleViewApp-iOS" */;
			compatibilityVersion = "Xcode 3.2";
			developmentRegion = English;
			hasScannedForEncodings = 0;
			knownRegions = (
				en,
				Base,
			);
			mainGroup = 80EF8EE018B03F2B00EE118F;
			productRefGroup = 80EF8EEA18B03F2B00EE118F /* Products */;
			projectDirPath = "";
			projectRoot = "";
			targets = (
				80EF8EE818B03F2B00EE118F /* SingleViewApp-iOS */,
				80EF8F0918B03F2B00EE118F /* SingleViewApp-iOSTests */,
			);
		};
/* End PBXProject section */

/* Begin PBXResourcesBuildPhase section */
		80EF8EE718B03F2B00EE118F /* Resources */ = {
			isa = PBXResourcesBuildPhase;
			buildActionMask = 2147483647;
			files = (
				80EF8F2A18B0494600EE118F /* Frozen-frozen-35894990-1080-1920.jpg in Resources */,
				80EF8F2718B0480100EE118F /* SingleView.xib in Resources */,
				80EF8F0518B03F2B00EE118F /* Images.xcassets in Resources */,
				80EF8EF718B03F2B00EE118F /* InfoPlist.strings in Resources */,
				80EF8F0018B03F2B00EE118F /* Main.storyboard in Resources */,
			);
			runOnlyForDeploymentPostprocessing = 0;
		};
		80EF8F0818B03F2B00EE118F /* Resources */ = {
			isa = PBXResourcesBuildPhase;
			buildActionMask = 2147483647;
			files = (
				80EF8F1618B03F2B00EE118F /* InfoPlist.strings in Resources */,
			);
			runOnlyForDeploymentPostprocessing = 0;
		};
/* End PBXResourcesBuildPhase section */

/* Begin PBXSourcesBuildPhase section */
		80EF8EE518B03F2B00EE118F /* Sources */ = {
			isa = PBXSourcesBuildPhase;
			buildActionMask = 2147483647;
			files = (
				80EF8F2618B0480100EE118F /* SingleView.m in Sources */,
				80EF8F2818B0480100EE118F /* UIImage+ImageEffects.m in Sources */,
				80EF8F0318B03F2B00EE118F /* ViewController.m in Sources */,
				80EF8EFD18B03F2B00EE118F /* AppDelegate.m in Sources */,
				80EF8EF918B03F2B00EE118F /* main.m in Sources */,
			);
			runOnlyForDeploymentPostprocessing = 0;
		};
		80EF8F0618B03F2B00EE118F /* Sources */ = {
			isa = PBXSourcesBuildPhase;
			buildActionMask = 2147483647;
			files = (
				80EF8F1818B03F2B00EE118F /* SingleViewApp_iOSTests.m in Sources */,
			);
			runOnlyForDeploymentPostprocessing = 0;
		};
/* End PBXSourcesBuildPhase section */

/* Begin PBXTargetDependency section */
		80EF8F1018B03F2B00EE118F /* PBXTargetDependency */ = {
			isa = PBXTargetDependency;
			target = 80EF8EE818B03F2B00EE118F /* SingleViewApp-iOS */;
			targetProxy = 80EF8F0F18B03F2B00EE118F /* PBXContainerItemProxy */;
		};
/* End PBXTargetDependency section */

/* Begin PBXVariantGroup section */
		80EF8EF518B03F2B00EE118F /* InfoPlist.strings */ = {
			isa = PBXVariantGroup;
			children = (
				80EF8EF618B03F2B00EE118F /* en */,
			);
			name = InfoPlist.strings;
			sourceTree = "<group>";
		};
		80EF8EFE18B03F2B00EE118F /* Main.storyboard */ = {
			isa = PBXVariantGroup;
			children = (
				80EF8EFF18B03F2B00EE118F /* Base */,
			);
			name = Main.storyboard;
			sourceTree = "<group>";
		};
		80EF8F1418B03F2B00EE118F /* InfoPlist.strings */ = {
			isa = PBXVariantGroup;
			children = (
				80EF8F1518B03F2B00EE118F /* en */,
			);
			name = InfoPlist.strings;
			sourceTree = "<group>";
		};
/* End PBXVariantGroup section */

/* Begin XCBuildConfiguration section */
		80EF8F1918B03F2B00EE118F /* Debug */ = {
			isa = XCBuildConfiguration;
			buildSettings = {
				ALWAYS_SEARCH_USER_PATHS = NO;
				ARCHS = "$(ARCHS_STANDARD_INCLUDING_64_BIT)";
				CLANG_CXX_LANGUAGE_STANDARD = "gnu++0x";
				CLANG_CXX_LIBRARY = "libc++";
				CLANG_ENABLE_MODULES = YES;
				CLANG_ENABLE_OBJC_ARC = YES;
				CLANG_WARN_BOOL_CONVERSION = YES;
				CLANG_WARN_CONSTANT_CONVERSION = YES;
				CLANG_WARN_DIRECT_OBJC_ISA_USAGE = YES_ERROR;
				CLANG_WARN_EMPTY_BODY = YES;
				CLANG_WARN_ENUM_CONVERSION = YES;
				CLANG_WARN_INT_CONVERSION = YES;
				CLANG_WARN_OBJC_ROOT_CLASS = YES_ERROR;
				CLANG_WARN__DUPLICATE_METHOD_MATCH = YES;
				"CODE_SIGN_IDENTITY[sdk=iphoneos*]" = "iPhone Developer";
				COPY_PHASE_STRIP = NO;
				GCC_C_LANGUAGE_STANDARD = gnu99;
				GCC_DYNAMIC_NO_PIC = NO;
				GCC_OPTIMIZATION_LEVEL = 0;
				GCC_PREPROCESSOR_DEFINITIONS = (
					"DEBUG=1",
					"$(inherited)",
				);
				GCC_SYMBOLS_PRIVATE_EXTERN = NO;
				GCC_WARN_64_TO_32_BIT_CONVERSION = YES;
				GCC_WARN_ABOUT_RETURN_TYPE = YES_ERROR;
				GCC_WARN_UNDECLARED_SELECTOR = YES;
				GCC_WARN_UNINITIALIZED_AUTOS = YES;
				GCC_WARN_UNUSED_FUNCTION = YES;
				GCC_WARN_UNUSED_VARIABLE = YES;
				IPHONEOS_DEPLOYMENT_TARGET = 7.0;
				ONLY_ACTIVE_ARCH = YES;
				SDKROOT = iphoneos;
			};
			name = Debug;
		};
		80EF8F1A18B03F2B00EE118F /* Release */ = {
			isa = XCBuildConfiguration;
			buildSettings = {
				ALWAYS_SEARCH_USER_PATHS = NO;
				ARCHS = "$(ARCHS_STANDARD_INCLUDING_64_BIT)";
				CLANG_CXX_LANGUAGE_STANDARD = "gnu++0x";
				CLANG_CXX_LIBRARY = "libc++";
				CLANG_ENABLE_MODULES = YES;
				CLANG_ENABLE_OBJC_ARC = YES;
				CLANG_WARN_BOOL_CONVERSION = YES;
				CLANG_WARN_CONSTANT_CONVERSION = YES;
				CLANG_WARN_DIRECT_OBJC_ISA_USAGE = YES_ERROR;
				CLANG_WARN_EMPTY_BODY = YES;
				CLANG_WARN_ENUM_CONVERSION = YES;
				CLANG_WARN_INT_CONVERSION = YES;
				CLANG_WARN_OBJC_ROOT_CLASS = YES_ERROR;
				CLANG_WARN__DUPLICATE_METHOD_MATCH = YES;
				"CODE_SIGN_IDENTITY[sdk=iphoneos*]" = "iPhone Developer";
				COPY_PHASE_STRIP = YES;
				ENABLE_NS_ASSERTIONS = NO;
				GCC_C_LANGUAGE_STANDARD = gnu99;
				GCC_WARN_64_TO_32_BIT_CONVERSION = YES;
				GCC_WARN_ABOUT_RETURN_TYPE = YES_ERROR;
				GCC_WARN_UNDECLARED_SELECTOR = YES;
				GCC_WARN_UNINITIALIZED_AUTOS = YES;
				GCC_WARN_UNUSED_FUNCTION = YES;
				GCC_WARN_UNUSED_VARIABLE = YES;
				IPHONEOS_DEPLOYMENT_TARGET = 7.0;
				SDKROOT = iphoneos;
				VALIDATE_PRODUCT = YES;
			};
			name = Release;
		};
		80EF8F1C18B03F2B00EE118F /* Debug */ = {
			isa = XCBuildConfiguration;
			buildSettings = {
				ASSETCATALOG_COMPILER_APPICON_NAME = AppIcon;
				ASSETCATALOG_COMPILER_LAUNCHIMAGE_NAME = LaunchImage;
				GCC_PRECOMPILE_PREFIX_HEADER = YES;
				GCC_PREFIX_HEADER = "SingleViewApp-iOS/SingleViewApp-iOS-Prefix.pch";
				INFOPLIST_FILE = "SingleViewApp-iOS/SingleViewApp-iOS-Info.plist";
				PRODUCT_NAME = "$(TARGET_NAME)";
				WRAPPER_EXTENSION = app;
			};
			name = Debug;
		};
		80EF8F1D18B03F2B00EE118F /* Release */ = {
			isa = XCBuildConfiguration;
			buildSettings = {
				ASSETCATALOG_COMPILER_APPICON_NAME = AppIcon;
				ASSETCATALOG_COMPILER_LAUNCHIMAGE_NAME = LaunchImage;
				GCC_PRECOMPILE_PREFIX_HEADER = YES;
				GCC_PREFIX_HEADER = "SingleViewApp-iOS/SingleViewApp-iOS-Prefix.pch";
				INFOPLIST_FILE = "SingleViewApp-iOS/SingleViewApp-iOS-Info.plist";
				PRODUCT_NAME = "$(TARGET_NAME)";
				WRAPPER_EXTENSION = app;
			};
			name = Release;
		};
		80EF8F1F18B03F2B00EE118F /* Debug */ = {
			isa = XCBuildConfiguration;
			buildSettings = {
				ARCHS = "$(ARCHS_STANDARD_INCLUDING_64_BIT)";
				BUNDLE_LOADER = "$(BUILT_PRODUCTS_DIR)/SingleViewApp-iOS.app/SingleViewApp-iOS";
				FRAMEWORK_SEARCH_PATHS = (
					"$(SDKROOT)/Developer/Library/Frameworks",
					"$(inherited)",
					"$(DEVELOPER_FRAMEWORKS_DIR)",
				);
				GCC_PRECOMPILE_PREFIX_HEADER = YES;
				GCC_PREFIX_HEADER = "SingleViewApp-iOS/SingleViewApp-iOS-Prefix.pch";
				GCC_PREPROCESSOR_DEFINITIONS = (
					"DEBUG=1",
					"$(inherited)",
				);
				INFOPLIST_FILE = "SingleViewApp-iOSTests/SingleViewApp-iOSTests-Info.plist";
				PRODUCT_NAME = "$(TARGET_NAME)";
				TEST_HOST = "$(BUNDLE_LOADER)";
				WRAPPER_EXTENSION = xctest;
			};
			name = Debug;
		};
		80EF8F2018B03F2B00EE118F /* Release */ = {
			isa = XCBuildConfiguration;
			buildSettings = {
				ARCHS = "$(ARCHS_STANDARD_INCLUDING_64_BIT)";
				BUNDLE_LOADER = "$(BUILT_PRODUCTS_DIR)/SingleViewApp-iOS.app/SingleViewApp-iOS";
				FRAMEWORK_SEARCH_PATHS = (
					"$(SDKROOT)/Developer/Library/Frameworks",
					"$(inherited)",
					"$(DEVELOPER_FRAMEWORKS_DIR)",
				);
				GCC_PRECOMPILE_PREFIX_HEADER = YES;
				GCC_PREFIX_HEADER = "SingleViewApp-iOS/SingleViewApp-iOS-Prefix.pch";
				INFOPLIST_FILE = "SingleViewApp-iOSTests/SingleViewApp-iOSTests-Info.plist";
				PRODUCT_NAME = "$(TARGET_NAME)";
				TEST_HOST = "$(BUNDLE_LOADER)";
				WRAPPER_EXTENSION = xctest;
			};
			name = Release;
		};
/* End XCBuildConfiguration section */

/* Begin XCConfigurationList section */
		80EF8EE418B03F2B00EE118F /* Build configuration list for PBXProject "SingleViewApp-iOS" */ = {
			isa = XCConfigurationList;
			buildConfigurations = (
				80EF8F1918B03F2B00EE118F /* Debug */,
				80EF8F1A18B03F2B00EE118F /* Release */,
			);
			defaultConfigurationIsVisible = 0;
			defaultConfigurationName = Release;
		};
		80EF8F1B18B03F2B00EE118F /* Build configuration list for PBXNativeTarget "SingleViewApp-iOS" */ = {
			isa = XCConfigurationList;
			buildConfigurations = (
				80EF8F1C18B03F2B00EE118F /* Debug */,
				80EF8F1D18B03F2B00EE118F /* Release */,
			);
			defaultConfigurationIsVisible = 0;
			defaultConfigurationName = Release;
		};
		80EF8F1E18B03F2B00EE118F /* Build configuration list for PBXNativeTarget "SingleViewApp-iOSTests" */ = {
			isa = XCConfigurationList;
			buildConfigurations = (
				80EF8F1F18B03F2B00EE118F /* Debug */,
				80EF8F2018B03F2B00EE118F /* Release */,
			);
			defaultConfigurationIsVisible = 0;
			defaultConfigurationName = Release;
		};
/* End XCConfigurationList section */
	};
	rootObject = 80EF8EE118B03F2B00EE118F /* Project object */;
}
